// !$*UTF8*$!
{
	archiveVersion = 1;
	classes = {
	};
	objectVersion = 50;
	objects = {

/* Begin PBXBuildFile section */
		1CCDBA8322757F5D00CE3C11 /* AppDelegate.swift in Sources */ = {isa = PBXBuildFile; fileRef = 1CCDBA8222757F5D00CE3C11 /* AppDelegate.swift */; };
		1CCDBA8522757F5D00CE3C11 /* ViewController.swift in Sources */ = {isa = PBXBuildFile; fileRef = 1CCDBA8422757F5D00CE3C11 /* ViewController.swift */; };
		1CCDBA8822757F5D00CE3C11 /* Main.storyboard in Resources */ = {isa = PBXBuildFile; fileRef = 1CCDBA8622757F5D00CE3C11 /* Main.storyboard */; };
		1CCDBA8A22757F5E00CE3C11 /* Assets.xcassets in Resources */ = {isa = PBXBuildFile; fileRef = 1CCDBA8922757F5E00CE3C11 /* Assets.xcassets */; };
		1CCDBA8D22757F5E00CE3C11 /* LaunchScreen.storyboard in Resources */ = {isa = PBXBuildFile; fileRef = 1CCDBA8B22757F5E00CE3C11 /* LaunchScreen.storyboard */; };
		1CCDBA9822757F5E00CE3C11 /* DigitalTourTests.swift in Sources */ = {isa = PBXBuildFile; fileRef = 1CCDBA9722757F5E00CE3C11 /* DigitalTourTests.swift */; };
		1CCDBAA322757F5E00CE3C11 /* DigitalTourUITests.swift in Sources */ = {isa = PBXBuildFile; fileRef = 1CCDBAA222757F5E00CE3C11 /* DigitalTourUITests.swift */; };
		3D2A1191719DCDF79D02109A /* Pods_DigitalTourUITests.framework in Frameworks */ = {isa = PBXBuildFile; fileRef = D03272A483B64E187E4B653F /* Pods_DigitalTourUITests.framework */; };
		866E54FC4A46C7AA25E54063 /* Pods_DigitalTour.framework in Frameworks */ = {isa = PBXBuildFile; fileRef = 764629B9C174FE57A216C995 /* Pods_DigitalTour.framework */; };
		B2D1C4659A4FFCDF7C51C648 /* Pods_DigitalTourTests.framework in Frameworks */ = {isa = PBXBuildFile; fileRef = B94BB2D4151321C78F3A9FB8 /* Pods_DigitalTourTests.framework */; };
/* End PBXBuildFile section */

/* Begin PBXContainerItemProxy section */
		1CCDBA9422757F5E00CE3C11 /* PBXContainerItemProxy */ = {
			isa = PBXContainerItemProxy;
			containerPortal = 1CCDBA7722757F5C00CE3C11 /* Project object */;
			proxyType = 1;
			remoteGlobalIDString = 1CCDBA7E22757F5C00CE3C11;
			remoteInfo = DigitalTour;
		};
		1CCDBA9F22757F5E00CE3C11 /* PBXContainerItemProxy */ = {
			isa = PBXContainerItemProxy;
			containerPortal = 1CCDBA7722757F5C00CE3C11 /* Project object */;
			proxyType = 1;
			remoteGlobalIDString = 1CCDBA7E22757F5C00CE3C11;
			remoteInfo = DigitalTour;
		};
/* End PBXContainerItemProxy section */

/* Begin PBXFileReference section */
		1CCDBA7F22757F5C00CE3C11 /* DigitalTour.app */ = {isa = PBXFileReference; explicitFileType = wrapper.application; includeInIndex = 0; path = DigitalTour.app; sourceTree = BUILT_PRODUCTS_DIR; };
		1CCDBA8222757F5D00CE3C11 /* AppDelegate.swift */ = {isa = PBXFileReference; lastKnownFileType = sourcecode.swift; path = AppDelegate.swift; sourceTree = "<group>"; };
		1CCDBA8422757F5D00CE3C11 /* ViewController.swift */ = {isa = PBXFileReference; lastKnownFileType = sourcecode.swift; path = ViewController.swift; sourceTree = "<group>"; };
		1CCDBA8722757F5D00CE3C11 /* Base */ = {isa = PBXFileReference; lastKnownFileType = file.storyboard; name = Base; path = Base.lproj/Main.storyboard; sourceTree = "<group>"; };
		1CCDBA8922757F5E00CE3C11 /* Assets.xcassets */ = {isa = PBXFileReference; lastKnownFileType = folder.assetcatalog; path = Assets.xcassets; sourceTree = "<group>"; };
		1CCDBA8C22757F5E00CE3C11 /* Base */ = {isa = PBXFileReference; lastKnownFileType = file.storyboard; name = Base; path = Base.lproj/LaunchScreen.storyboard; sourceTree = "<group>"; };
		1CCDBA8E22757F5E00CE3C11 /* Info.plist */ = {isa = PBXFileReference; lastKnownFileType = text.plist.xml; path = Info.plist; sourceTree = "<group>"; };
		1CCDBA9322757F5E00CE3C11 /* DigitalTourTests.xctest */ = {isa = PBXFileReference; explicitFileType = wrapper.cfbundle; includeInIndex = 0; path = DigitalTourTests.xctest; sourceTree = BUILT_PRODUCTS_DIR; };
		1CCDBA9722757F5E00CE3C11 /* DigitalTourTests.swift */ = {isa = PBXFileReference; lastKnownFileType = sourcecode.swift; path = DigitalTourTests.swift; sourceTree = "<group>"; };
		1CCDBA9922757F5E00CE3C11 /* Info.plist */ = {isa = PBXFileReference; lastKnownFileType = text.plist.xml; path = Info.plist; sourceTree = "<group>"; };
		1CCDBA9E22757F5E00CE3C11 /* DigitalTourUITests.xctest */ = {isa = PBXFileReference; explicitFileType = wrapper.cfbundle; includeInIndex = 0; path = DigitalTourUITests.xctest; sourceTree = BUILT_PRODUCTS_DIR; };
		1CCDBAA222757F5E00CE3C11 /* DigitalTourUITests.swift */ = {isa = PBXFileReference; lastKnownFileType = sourcecode.swift; path = DigitalTourUITests.swift; sourceTree = "<group>"; };
		1CCDBAA422757F5E00CE3C11 /* Info.plist */ = {isa = PBXFileReference; lastKnownFileType = text.plist.xml; path = Info.plist; sourceTree = "<group>"; };
		2F6A19598291F5975C4D0756 /* Pods-DigitalTourUITests.debug.xcconfig */ = {isa = PBXFileReference; includeInIndex = 1; lastKnownFileType = text.xcconfig; name = "Pods-DigitalTourUITests.debug.xcconfig"; path = "Target Support Files/Pods-DigitalTourUITests/Pods-DigitalTourUITests.debug.xcconfig"; sourceTree = "<group>"; };
		4B8C3C49A591EBAB6A20BF2F /* Pods-DigitalTour.debug.xcconfig */ = {isa = PBXFileReference; includeInIndex = 1; lastKnownFileType = text.xcconfig; name = "Pods-DigitalTour.debug.xcconfig"; path = "Target Support Files/Pods-DigitalTour/Pods-DigitalTour.debug.xcconfig"; sourceTree = "<group>"; };
		764629B9C174FE57A216C995 /* Pods_DigitalTour.framework */ = {isa = PBXFileReference; explicitFileType = wrapper.framework; includeInIndex = 0; path = Pods_DigitalTour.framework; sourceTree = BUILT_PRODUCTS_DIR; };
		95A4BCE20C47BD9109A23BE6 /* Pods-DigitalTour.release.xcconfig */ = {isa = PBXFileReference; includeInIndex = 1; lastKnownFileType = text.xcconfig; name = "Pods-DigitalTour.release.xcconfig"; path = "Target Support Files/Pods-DigitalTour/Pods-DigitalTour.release.xcconfig"; sourceTree = "<group>"; };
		B2976AAC70808AF154463A84 /* Pods-DigitalTourTests.release.xcconfig */ = {isa = PBXFileReference; includeInIndex = 1; lastKnownFileType = text.xcconfig; name = "Pods-DigitalTourTests.release.xcconfig"; path = "Target Support Files/Pods-DigitalTourTests/Pods-DigitalTourTests.release.xcconfig"; sourceTree = "<group>"; };
		B94BB2D4151321C78F3A9FB8 /* Pods_DigitalTourTests.framework */ = {isa = PBXFileReference; explicitFileType = wrapper.framework; includeInIndex = 0; path = Pods_DigitalTourTests.framework; sourceTree = BUILT_PRODUCTS_DIR; };
		C2BD5EFDF2F0F2DB53122361 /* Pods-DigitalTourUITests.release.xcconfig */ = {isa = PBXFileReference; includeInIndex = 1; lastKnownFileType = text.xcconfig; name = "Pods-DigitalTourUITests.release.xcconfig"; path = "Target Support Files/Pods-DigitalTourUITests/Pods-DigitalTourUITests.release.xcconfig"; sourceTree = "<group>"; };
		CA79EC8968CE43EE2C61FA2C /* Pods-DigitalTourTests.debug.xcconfig */ = {isa = PBXFileReference; includeInIndex = 1; lastKnownFileType = text.xcconfig; name = "Pods-DigitalTourTests.debug.xcconfig"; path = "Target Support Files/Pods-DigitalTourTests/Pods-DigitalTourTests.debug.xcconfig"; sourceTree = "<group>"; };
		D03272A483B64E187E4B653F /* Pods_DigitalTourUITests.framework */ = {isa = PBXFileReference; explicitFileType = wrapper.framework; includeInIndex = 0; path = Pods_DigitalTourUITests.framework; sourceTree = BUILT_PRODUCTS_DIR; };
/* End PBXFileReference section */

/* Begin PBXFrameworksBuildPhase section */
		1CCDBA7C22757F5C00CE3C11 /* Frameworks */ = {
			isa = PBXFrameworksBuildPhase;
			buildActionMask = 2147483647;
			files = (
				866E54FC4A46C7AA25E54063 /* Pods_DigitalTour.framework in Frameworks */,
			);
			runOnlyForDeploymentPostprocessing = 0;
		};
		1CCDBA9022757F5E00CE3C11 /* Frameworks */ = {
			isa = PBXFrameworksBuildPhase;
			buildActionMask = 2147483647;
			files = (
				B2D1C4659A4FFCDF7C51C648 /* Pods_DigitalTourTests.framework in Frameworks */,
			);
			runOnlyForDeploymentPostprocessing = 0;
		};
		1CCDBA9B22757F5E00CE3C11 /* Frameworks */ = {
			isa = PBXFrameworksBuildPhase;
			buildActionMask = 2147483647;
			files = (
				3D2A1191719DCDF79D02109A /* Pods_DigitalTourUITests.framework in Frameworks */,
			);
			runOnlyForDeploymentPostprocessing = 0;
		};
/* End PBXFrameworksBuildPhase section */

/* Begin PBXGroup section */
		1CCDBA7622757F5C00CE3C11 = {
			isa = PBXGroup;
			children = (
				1CCDBA8122757F5C00CE3C11 /* DigitalTour */,
				1CCDBA9622757F5E00CE3C11 /* DigitalTourTests */,
				1CCDBAA122757F5E00CE3C11 /* DigitalTourUITests */,
				1CCDBA8022757F5C00CE3C11 /* Products */,
				1EF6A954F8D23A57BDAB38D1 /* Pods */,
				C2FF9F351FCDE4F85408A6AA /* Frameworks */,
			);
			sourceTree = "<group>";
		};
		1CCDBA8022757F5C00CE3C11 /* Products */ = {
			isa = PBXGroup;
			children = (
				1CCDBA7F22757F5C00CE3C11 /* DigitalTour.app */,
				1CCDBA9322757F5E00CE3C11 /* DigitalTourTests.xctest */,
				1CCDBA9E22757F5E00CE3C11 /* DigitalTourUITests.xctest */,
			);
			name = Products;
			sourceTree = "<group>";
		};
		1CCDBA8122757F5C00CE3C11 /* DigitalTour */ = {
			isa = PBXGroup;
			children = (
				1CCDBA8222757F5D00CE3C11 /* AppDelegate.swift */,
				1CCDBA8422757F5D00CE3C11 /* ViewController.swift */,
				1CCDBA8622757F5D00CE3C11 /* Main.storyboard */,
				1CCDBA8922757F5E00CE3C11 /* Assets.xcassets */,
				1CCDBA8B22757F5E00CE3C11 /* LaunchScreen.storyboard */,
				1CCDBA8E22757F5E00CE3C11 /* Info.plist */,
			);
			path = DigitalTour;
			sourceTree = "<group>";
		};
		1CCDBA9622757F5E00CE3C11 /* DigitalTourTests */ = {
			isa = PBXGroup;
			children = (
				1CCDBA9722757F5E00CE3C11 /* DigitalTourTests.swift */,
				1CCDBA9922757F5E00CE3C11 /* Info.plist */,
			);
			path = DigitalTourTests;
			sourceTree = "<group>";
		};
		1CCDBAA122757F5E00CE3C11 /* DigitalTourUITests */ = {
			isa = PBXGroup;
			children = (
				1CCDBAA222757F5E00CE3C11 /* DigitalTourUITests.swift */,
				1CCDBAA422757F5E00CE3C11 /* Info.plist */,
			);
			path = DigitalTourUITests;
			sourceTree = "<group>";
		};
		1EF6A954F8D23A57BDAB38D1 /* Pods */ = {
			isa = PBXGroup;
			children = (
				4B8C3C49A591EBAB6A20BF2F /* Pods-DigitalTour.debug.xcconfig */,
				95A4BCE20C47BD9109A23BE6 /* Pods-DigitalTour.release.xcconfig */,
				CA79EC8968CE43EE2C61FA2C /* Pods-DigitalTourTests.debug.xcconfig */,
				B2976AAC70808AF154463A84 /* Pods-DigitalTourTests.release.xcconfig */,
				2F6A19598291F5975C4D0756 /* Pods-DigitalTourUITests.debug.xcconfig */,
				C2BD5EFDF2F0F2DB53122361 /* Pods-DigitalTourUITests.release.xcconfig */,
			);
			path = Pods;
			sourceTree = "<group>";
		};
		C2FF9F351FCDE4F85408A6AA /* Frameworks */ = {
			isa = PBXGroup;
			children = (
				764629B9C174FE57A216C995 /* Pods_DigitalTour.framework */,
				B94BB2D4151321C78F3A9FB8 /* Pods_DigitalTourTests.framework */,
				D03272A483B64E187E4B653F /* Pods_DigitalTourUITests.framework */,
			);
			name = Frameworks;
			sourceTree = "<group>";
		};
/* End PBXGroup section */

/* Begin PBXNativeTarget section */
		1CCDBA7E22757F5C00CE3C11 /* DigitalTour */ = {
			isa = PBXNativeTarget;
			buildConfigurationList = 1CCDBAA722757F5E00CE3C11 /* Build configuration list for PBXNativeTarget "DigitalTour" */;
			buildPhases = (
				86511B883A149F98AE734C10 /* [CP] Check Pods Manifest.lock */,
				1CCDBA7B22757F5C00CE3C11 /* Sources */,
				1CCDBA7C22757F5C00CE3C11 /* Frameworks */,
				1CCDBA7D22757F5C00CE3C11 /* Resources */,
				1B06A32F6A5A4EBDF26E0B5C /* [CP] Embed Pods Frameworks */,
			);
			buildRules = (
			);
			dependencies = (
			);
			name = DigitalTour;
			productName = DigitalTour;
			productReference = 1CCDBA7F22757F5C00CE3C11 /* DigitalTour.app */;
			productType = "com.apple.product-type.application";
		};
		1CCDBA9222757F5E00CE3C11 /* DigitalTourTests */ = {
			isa = PBXNativeTarget;
			buildConfigurationList = 1CCDBAAA22757F5E00CE3C11 /* Build configuration list for PBXNativeTarget "DigitalTourTests" */;
			buildPhases = (
				CA2D56031AEABEEEE6FBEB52 /* [CP] Check Pods Manifest.lock */,
				1CCDBA8F22757F5E00CE3C11 /* Sources */,
				1CCDBA9022757F5E00CE3C11 /* Frameworks */,
				1CCDBA9122757F5E00CE3C11 /* Resources */,
			);
			buildRules = (
			);
			dependencies = (
				1CCDBA9522757F5E00CE3C11 /* PBXTargetDependency */,
			);
			name = DigitalTourTests;
			productName = DigitalTourTests;
			productReference = 1CCDBA9322757F5E00CE3C11 /* DigitalTourTests.xctest */;
			productType = "com.apple.product-type.bundle.unit-test";
		};
		1CCDBA9D22757F5E00CE3C11 /* DigitalTourUITests */ = {
			isa = PBXNativeTarget;
			buildConfigurationList = 1CCDBAAD22757F5E00CE3C11 /* Build configuration list for PBXNativeTarget "DigitalTourUITests" */;
			buildPhases = (
				3DB5C8D6A5600A79561E4806 /* [CP] Check Pods Manifest.lock */,
				1CCDBA9A22757F5E00CE3C11 /* Sources */,
				1CCDBA9B22757F5E00CE3C11 /* Frameworks */,
				1CCDBA9C22757F5E00CE3C11 /* Resources */,
			);
			buildRules = (
			);
			dependencies = (
				1CCDBAA022757F5E00CE3C11 /* PBXTargetDependency */,
			);
			name = DigitalTourUITests;
			productName = DigitalTourUITests;
			productReference = 1CCDBA9E22757F5E00CE3C11 /* DigitalTourUITests.xctest */;
			productType = "com.apple.product-type.bundle.ui-testing";
		};
/* End PBXNativeTarget section */

/* Begin PBXProject section */
		1CCDBA7722757F5C00CE3C11 /* Project object */ = {
			isa = PBXProject;
			attributes = {
				LastSwiftUpdateCheck = 1010;
				LastUpgradeCheck = 1010;
				ORGANIZATIONNAME = "Yordanos Mogos";
				TargetAttributes = {
					1CCDBA7E22757F5C00CE3C11 = {
						CreatedOnToolsVersion = 10.1;
					};
					1CCDBA9222757F5E00CE3C11 = {
						CreatedOnToolsVersion = 10.1;
						TestTargetID = 1CCDBA7E22757F5C00CE3C11;
					};
					1CCDBA9D22757F5E00CE3C11 = {
						CreatedOnToolsVersion = 10.1;
						TestTargetID = 1CCDBA7E22757F5C00CE3C11;
					};
				};
			};
			buildConfigurationList = 1CCDBA7A22757F5C00CE3C11 /* Build configuration list for PBXProject "DigitalTour" */;
			compatibilityVersion = "Xcode 9.3";
			developmentRegion = en;
			hasScannedForEncodings = 0;
			knownRegions = (
				en,
				Base,
			);
			mainGroup = 1CCDBA7622757F5C00CE3C11;
			productRefGroup = 1CCDBA8022757F5C00CE3C11 /* Products */;
			projectDirPath = "";
			projectRoot = "";
			targets = (
				1CCDBA7E22757F5C00CE3C11 /* DigitalTour */,
				1CCDBA9222757F5E00CE3C11 /* DigitalTourTests */,
				1CCDBA9D22757F5E00CE3C11 /* DigitalTourUITests */,
			);
		};
/* End PBXProject section */

/* Begin PBXResourcesBuildPhase section */
		1CCDBA7D22757F5C00CE3C11 /* Resources */ = {
			isa = PBXResourcesBuildPhase;
			buildActionMask = 2147483647;
			files = (
				1CCDBA8D22757F5E00CE3C11 /* LaunchScreen.storyboard in Resources */,
				1CCDBA8A22757F5E00CE3C11 /* Assets.xcassets in Resources */,
				1CCDBA8822757F5D00CE3C11 /* Main.storyboard in Resources */,
			);
			runOnlyForDeploymentPostprocessing = 0;
		};
		1CCDBA9122757F5E00CE3C11 /* Resources */ = {
			isa = PBXResourcesBuildPhase;
			buildActionMask = 2147483647;
			files = (
			);
			runOnlyForDeploymentPostprocessing = 0;
		};
		1CCDBA9C22757F5E00CE3C11 /* Resources */ = {
			isa = PBXResourcesBuildPhase;
			buildActionMask = 2147483647;
			files = (
			);
			runOnlyForDeploymentPostprocessing = 0;
		};
/* End PBXResourcesBuildPhase section */

/* Begin PBXShellScriptBuildPhase section */
		1B06A32F6A5A4EBDF26E0B5C /* [CP] Embed Pods Frameworks */ = {
			isa = PBXShellScriptBuildPhase;
			buildActionMask = 2147483647;
			files = (
			);
			inputFileListPaths = (
			);
			inputPaths = (
				"${PODS_ROOT}/Target Support Files/Pods-DigitalTour/Pods-DigitalTour-frameworks.sh",
				"${BUILT_PRODUCTS_DIR}/FlyoverKit/FlyoverKit.framework",
			);
			name = "[CP] Embed Pods Frameworks";
			outputFileListPaths = (
			);
			outputPaths = (
				"${TARGET_BUILD_DIR}/${FRAMEWORKS_FOLDER_PATH}/FlyoverKit.framework",
			);
			runOnlyForDeploymentPostprocessing = 0;
			shellPath = /bin/sh;
			shellScript = "\"${PODS_ROOT}/Target Support Files/Pods-DigitalTour/Pods-DigitalTour-frameworks.sh\"\n";
			showEnvVarsInLog = 0;
		};
		3DB5C8D6A5600A79561E4806 /* [CP] Check Pods Manifest.lock */ = {
			isa = PBXShellScriptBuildPhase;
			buildActionMask = 2147483647;
			files = (
			);
			inputFileListPaths = (
			);
			inputPaths = (
				"${PODS_PODFILE_DIR_PATH}/Podfile.lock",
				"${PODS_ROOT}/Manifest.lock",
			);
			name = "[CP] Check Pods Manifest.lock";
			outputFileListPaths = (
			);
			outputPaths = (
				"$(DERIVED_FILE_DIR)/Pods-DigitalTourUITests-checkManifestLockResult.txt",
			);
			runOnlyForDeploymentPostprocessing = 0;
			shellPath = /bin/sh;
			shellScript = "diff \"${PODS_PODFILE_DIR_PATH}/Podfile.lock\" \"${PODS_ROOT}/Manifest.lock\" > /dev/null\nif [ $? != 0 ] ; then\n    # print error to STDERR\n    echo \"error: The sandbox is not in sync with the Podfile.lock. Run 'pod install' or update your CocoaPods installation.\" >&2\n    exit 1\nfi\n# This output is used by Xcode 'outputs' to avoid re-running this script phase.\necho \"SUCCESS\" > \"${SCRIPT_OUTPUT_FILE_0}\"\n";
			showEnvVarsInLog = 0;
		};
		86511B883A149F98AE734C10 /* [CP] Check Pods Manifest.lock */ = {
			isa = PBXShellScriptBuildPhase;
			buildActionMask = 2147483647;
			files = (
			);
			inputFileListPaths = (
			);
			inputPaths = (
				"${PODS_PODFILE_DIR_PATH}/Podfile.lock",
				"${PODS_ROOT}/Manifest.lock",
			);
			name = "[CP] Check Pods Manifest.lock";
			outputFileListPaths = (
			);
			outputPaths = (
				"$(DERIVED_FILE_DIR)/Pods-DigitalTour-checkManifestLockResult.txt",
			);
			runOnlyForDeploymentPostprocessing = 0;
			shellPath = /bin/sh;
			shellScript = "diff \"${PODS_PODFILE_DIR_PATH}/Podfile.lock\" \"${PODS_ROOT}/Manifest.lock\" > /dev/null\nif [ $? != 0 ] ; then\n    # print error to STDERR\n    echo \"error: The sandbox is not in sync with the Podfile.lock. Run 'pod install' or update your CocoaPods installation.\" >&2\n    exit 1\nfi\n# This output is used by Xcode 'outputs' to avoid re-running this script phase.\necho \"SUCCESS\" > \"${SCRIPT_OUTPUT_FILE_0}\"\n";
			showEnvVarsInLog = 0;
		};
		CA2D56031AEABEEEE6FBEB52 /* [CP] Check Pods Manifest.lock */ = {
			isa = PBXShellScriptBuildPhase;
			buildActionMask = 2147483647;
			files = (
			);
			inputFileListPaths = (
			);
			inputPaths = (
				"${PODS_PODFILE_DIR_PATH}/Podfile.lock",
				"${PODS_ROOT}/Manifest.lock",
			);
			name = "[CP] Check Pods Manifest.lock";
			outputFileListPaths = (
			);
			outputPaths = (
				"$(DERIVED_FILE_DIR)/Pods-DigitalTourTests-checkManifestLockResult.txt",
			);
			runOnlyForDeploymentPostprocessing = 0;
			shellPath = /bin/sh;
			shellScript = "diff \"${PODS_PODFILE_DIR_PATH}/Podfile.lock\" \"${PODS_ROOT}/Manifest.lock\" > /dev/null\nif [ $? != 0 ] ; then\n    # print error to STDERR\n    echo \"error: The sandbox is not in sync with the Podfile.lock. Run 'pod install' or update your CocoaPods installation.\" >&2\n    exit 1\nfi\n# This output is used by Xcode 'outputs' to avoid re-running this script phase.\necho \"SUCCESS\" > \"${SCRIPT_OUTPUT_FILE_0}\"\n";
			showEnvVarsInLog = 0;
		};
/* End PBXShellScriptBuildPhase section */

/* Begin PBXSourcesBuildPhase section */
		1CCDBA7B22757F5C00CE3C11 /* Sources */ = {
			isa = PBXSourcesBuildPhase;
			buildActionMask = 2147483647;
			files = (
				1CCDBA8522757F5D00CE3C11 /* ViewController.swift in Sources */,
				1CCDBA8322757F5D00CE3C11 /* AppDelegate.swift in Sources */,
			);
			runOnlyForDeploymentPostprocessing = 0;
		};
		1CCDBA8F22757F5E00CE3C11 /* Sources */ = {
			isa = PBXSourcesBuildPhase;
			buildActionMask = 2147483647;
			files = (
				1CCDBA9822757F5E00CE3C11 /* DigitalTourTests.swift in Sources */,
			);
			runOnlyForDeploymentPostprocessing = 0;
		};
		1CCDBA9A22757F5E00CE3C11 /* Sources */ = {
			isa = PBXSourcesBuildPhase;
			buildActionMask = 2147483647;
			files = (
				1CCDBAA322757F5E00CE3C11 /* DigitalTourUITests.swift in Sources */,
			);
			runOnlyForDeploymentPostprocessing = 0;
		};
/* End PBXSourcesBuildPhase section */

/* Begin PBXTargetDependency section */
		1CCDBA9522757F5E00CE3C11 /* PBXTargetDependency */ = {
			isa = PBXTargetDependency;
			target = 1CCDBA7E22757F5C00CE3C11 /* DigitalTour */;
			targetProxy = 1CCDBA9422757F5E00CE3C11 /* PBXContainerItemProxy */;
		};
		1CCDBAA022757F5E00CE3C11 /* PBXTargetDependency */ = {
			isa = PBXTargetDependency;
			target = 1CCDBA7E22757F5C00CE3C11 /* DigitalTour */;
			targetProxy = 1CCDBA9F22757F5E00CE3C11 /* PBXContainerItemProxy */;
		};
/* End PBXTargetDependency section */

/* Begin PBXVariantGroup section */
		1CCDBA8622757F5D00CE3C11 /* Main.storyboard */ = {
			isa = PBXVariantGroup;
			children = (
				1CCDBA8722757F5D00CE3C11 /* Base */,
			);
			name = Main.storyboard;
			sourceTree = "<group>";
		};
		1CCDBA8B22757F5E00CE3C11 /* LaunchScreen.storyboard */ = {
			isa = PBXVariantGroup;
			children = (
				1CCDBA8C22757F5E00CE3C11 /* Base */,
			);
			name = LaunchScreen.storyboard;
			sourceTree = "<group>";
		};
/* End PBXVariantGroup section */

/* Begin XCBuildConfiguration section */
		1CCDBAA522757F5E00CE3C11 /* Debug */ = {
			isa = XCBuildConfiguration;
			buildSettings = {
				ALWAYS_SEARCH_USER_PATHS = NO;
				CLANG_ANALYZER_NONNULL = YES;
				CLANG_ANALYZER_NUMBER_OBJECT_CONVERSION = YES_AGGRESSIVE;
				CLANG_CXX_LANGUAGE_STANDARD = "gnu++14";
				CLANG_CXX_LIBRARY = "libc++";
				CLANG_ENABLE_MODULES = YES;
				CLANG_ENABLE_OBJC_ARC = YES;
				CLANG_ENABLE_OBJC_WEAK = YES;
				CLANG_WARN_BLOCK_CAPTURE_AUTORELEASING = YES;
				CLANG_WARN_BOOL_CONVERSION = YES;
				CLANG_WARN_COMMA = YES;
				CLANG_WARN_CONSTANT_CONVERSION = YES;
				CLANG_WARN_DEPRECATED_OBJC_IMPLEMENTATIONS = YES;
				CLANG_WARN_DIRECT_OBJC_ISA_USAGE = YES_ERROR;
				CLANG_WARN_DOCUMENTATION_COMMENTS = YES;
				CLANG_WARN_EMPTY_BODY = YES;
				CLANG_WARN_ENUM_CONVERSION = YES;
				CLANG_WARN_INFINITE_RECURSION = YES;
				CLANG_WARN_INT_CONVERSION = YES;
				CLANG_WARN_NON_LITERAL_NULL_CONVERSION = YES;
				CLANG_WARN_OBJC_IMPLICIT_RETAIN_SELF = YES;
				CLANG_WARN_OBJC_LITERAL_CONVERSION = YES;
				CLANG_WARN_OBJC_ROOT_CLASS = YES_ERROR;
				CLANG_WARN_RANGE_LOOP_ANALYSIS = YES;
				CLANG_WARN_STRICT_PROTOTYPES = YES;
				CLANG_WARN_SUSPICIOUS_MOVE = YES;
				CLANG_WARN_UNGUARDED_AVAILABILITY = YES_AGGRESSIVE;
				CLANG_WARN_UNREACHABLE_CODE = YES;
				CLANG_WARN__DUPLICATE_METHOD_MATCH = YES;
				CODE_SIGN_IDENTITY = "iPhone Developer";
				COPY_PHASE_STRIP = NO;
				DEBUG_INFORMATION_FORMAT = dwarf;
				ENABLE_STRICT_OBJC_MSGSEND = YES;
				ENABLE_TESTABILITY = YES;
				GCC_C_LANGUAGE_STANDARD = gnu11;
				GCC_DYNAMIC_NO_PIC = NO;
				GCC_NO_COMMON_BLOCKS = YES;
				GCC_OPTIMIZATION_LEVEL = 0;
				GCC_PREPROCESSOR_DEFINITIONS = (
					"DEBUG=1",
					"$(inherited)",
				);
				GCC_WARN_64_TO_32_BIT_CONVERSION = YES;
				GCC_WARN_ABOUT_RETURN_TYPE = YES_ERROR;
				GCC_WARN_UNDECLARED_SELECTOR = YES;
				GCC_WARN_UNINITIALIZED_AUTOS = YES_AGGRESSIVE;
				GCC_WARN_UNUSED_FUNCTION = YES;
				GCC_WARN_UNUSED_VARIABLE = YES;
				IPHONEOS_DEPLOYMENT_TARGET = 12.1;
				MTL_ENABLE_DEBUG_INFO = INCLUDE_SOURCE;
				MTL_FAST_MATH = YES;
				ONLY_ACTIVE_ARCH = YES;
				SDKROOT = iphoneos;
				SWIFT_ACTIVE_COMPILATION_CONDITIONS = DEBUG;
				SWIFT_OPTIMIZATION_LEVEL = "-Onone";
			};
			name = Debug;
		};
		1CCDBAA622757F5E00CE3C11 /* Release */ = {
			isa = XCBuildConfiguration;
			buildSettings = {
				ALWAYS_SEARCH_USER_PATHS = NO;
				CLANG_ANALYZER_NONNULL = YES;
				CLANG_ANALYZER_NUMBER_OBJECT_CONVERSION = YES_AGGRESSIVE;
				CLANG_CXX_LANGUAGE_STANDARD = "gnu++14";
				CLANG_CXX_LIBRARY = "libc++";
				CLANG_ENABLE_MODULES = YES;
				CLANG_ENABLE_OBJC_ARC = YES;
				CLANG_ENABLE_OBJC_WEAK = YES;
				CLANG_WARN_BLOCK_CAPTURE_AUTORELEASING = YES;
				CLANG_WARN_BOOL_CONVERSION = YES;
				CLANG_WARN_COMMA = YES;
				CLANG_WARN_CONSTANT_CONVERSION = YES;
				CLANG_WARN_DEPRECATED_OBJC_IMPLEMENTATIONS = YES;
				CLANG_WARN_DIRECT_OBJC_ISA_USAGE = YES_ERROR;
				CLANG_WARN_DOCUMENTATION_COMMENTS = YES;
				CLANG_WARN_EMPTY_BODY = YES;
				CLANG_WARN_ENUM_CONVERSION = YES;
				CLANG_WARN_INFINITE_RECURSION = YES;
				CLANG_WARN_INT_CONVERSION = YES;
				CLANG_WARN_NON_LITERAL_NULL_CONVERSION = YES;
				CLANG_WARN_OBJC_IMPLICIT_RETAIN_SELF = YES;
				CLANG_WARN_OBJC_LITERAL_CONVERSION = YES;
				CLANG_WARN_OBJC_ROOT_CLASS = YES_ERROR;
				CLANG_WARN_RANGE_LOOP_ANALYSIS = YES;
				CLANG_WARN_STRICT_PROTOTYPES = YES;
				CLANG_WARN_SUSPICIOUS_MOVE = YES;
				CLANG_WARN_UNGUARDED_AVAILABILITY = YES_AGGRESSIVE;
				CLANG_WARN_UNREACHABLE_CODE = YES;
				CLANG_WARN__DUPLICATE_METHOD_MATCH = YES;
				CODE_SIGN_IDENTITY = "iPhone Developer";
				COPY_PHASE_STRIP = NO;
				DEBUG_INFORMATION_FORMAT = "dwarf-with-dsym";
				ENABLE_NS_ASSERTIONS = NO;
				ENABLE_STRICT_OBJC_MSGSEND = YES;
				GCC_C_LANGUAGE_STANDARD = gnu11;
				GCC_NO_COMMON_BLOCKS = YES;
				GCC_WARN_64_TO_32_BIT_CONVERSION = YES;
				GCC_WARN_ABOUT_RETURN_TYPE = YES_ERROR;
				GCC_WARN_UNDECLARED_SELECTOR = YES;
				GCC_WARN_UNINITIALIZED_AUTOS = YES_AGGRESSIVE;
				GCC_WARN_UNUSED_FUNCTION = YES;
				GCC_WARN_UNUSED_VARIABLE = YES;
				IPHONEOS_DEPLOYMENT_TARGET = 12.1;
				MTL_ENABLE_DEBUG_INFO = NO;
				MTL_FAST_MATH = YES;
				SDKROOT = iphoneos;
				SWIFT_COMPILATION_MODE = wholemodule;
				SWIFT_OPTIMIZATION_LEVEL = "-O";
				VALIDATE_PRODUCT = YES;
			};
			name = Release;
		};
		1CCDBAA822757F5E00CE3C11 /* Debug */ = {
			isa = XCBuildConfiguration;
			baseConfigurationReference = 4B8C3C49A591EBAB6A20BF2F /* Pods-DigitalTour.debug.xcconfig */;
			buildSettings = {
				ASSETCATALOG_COMPILER_APPICON_NAME = AppIcon;
				CODE_SIGN_STYLE = Automatic;
				DEVELOPMENT_TEAM = 7QCH3HRYRD;
				INFOPLIST_FILE = DigitalTour/Info.plist;
				IPHONEOS_DEPLOYMENT_TARGET = 11.3;
				LD_RUNPATH_SEARCH_PATHS = (
					"$(inherited)",
					"@executable_path/Frameworks",
				);
				PRODUCT_BUNDLE_IDENTIFIER = xyz.DigitalTour;
				PRODUCT_NAME = "$(TARGET_NAME)";
				SWIFT_VERSION = 4.2;
				TARGETED_DEVICE_FAMILY = "1,2";
			};
			name = Debug;
		};
		1CCDBAA922757F5E00CE3C11 /* Release */ = {
			isa = XCBuildConfiguration;
			baseConfigurationReference = 95A4BCE20C47BD9109A23BE6 /* Pods-DigitalTour.release.xcconfig */;
			buildSettings = {
				ASSETCATALOG_COMPILER_APPICON_NAME = AppIcon;
				CODE_SIGN_STYLE = Automatic;
				DEVELOPMENT_TEAM = 7QCH3HRYRD;
				INFOPLIST_FILE = DigitalTour/Info.plist;
				IPHONEOS_DEPLOYMENT_TARGET = 11.3;
				LD_RUNPATH_SEARCH_PATHS = (
					"$(inherited)",
					"@executable_path/Frameworks",
				);
				PRODUCT_BUNDLE_IDENTIFIER = xyz.DigitalTour;
				PRODUCT_NAME = "$(TARGET_NAME)";
				SWIFT_VERSION = 4.2;
				TARGETED_DEVICE_FAMILY = "1,2";
			};
			name = Release;
		};
		1CCDBAAB22757F5E00CE3C11 /* Debug */ = {
			isa = XCBuildConfiguration;
			baseConfigurationReference = CA79EC8968CE43EE2C61FA2C /* Pods-DigitalTourTests.debug.xcconfig */;
			buildSettings = {
				ALWAYS_EMBED_SWIFT_STANDARD_LIBRARIES = YES;
				BUNDLE_LOADER = "$(TEST_HOST)";
				CODE_SIGN_STYLE = Automatic;
				DEVELOPMENT_TEAM = 7QCH3HRYRD;
				INFOPLIST_FILE = DigitalTourTests/Info.plist;
				LD_RUNPATH_SEARCH_PATHS = (
					"$(inherited)",
					"@executable_path/Frameworks",
					"@loader_path/Frameworks",
				);
				PRODUCT_BUNDLE_IDENTIFIER = "ymogos-mail.sfsu.edu.DigitalTourTests";
				PRODUCT_NAME = "$(TARGET_NAME)";
				SWIFT_VERSION = 4.2;
				TARGETED_DEVICE_FAMILY = "1,2";
				TEST_HOST = "$(BUILT_PRODUCTS_DIR)/DigitalTour.app/DigitalTour";
			};
			name = Debug;
		};
		1CCDBAAC22757F5E00CE3C11 /* Release */ = {
			isa = XCBuildConfiguration;
			baseConfigurationReference = B2976AAC70808AF154463A84 /* Pods-DigitalTourTests.release.xcconfig */;
			buildSettings = {
				ALWAYS_EMBED_SWIFT_STANDARD_LIBRARIES = YES;
				BUNDLE_LOADER = "$(TEST_HOST)";
				CODE_SIGN_STYLE = Automatic;
				DEVELOPMENT_TEAM = 7QCH3HRYRD;
				INFOPLIST_FILE = DigitalTourTests/Info.plist;
				LD_RUNPATH_SEARCH_PATHS = (
					"$(inherited)",
					"@executable_path/Frameworks",
					"@loader_path/Frameworks",
				);
				PRODUCT_BUNDLE_IDENTIFIER = "ymogos-mail.sfsu.edu.DigitalTourTests";
				PRODUCT_NAME = "$(TARGET_NAME)";
				SWIFT_VERSION = 4.2;
				TARGETED_DEVICE_FAMILY = "1,2";
				TEST_HOST = "$(BUILT_PRODUCTS_DIR)/DigitalTour.app/DigitalTour";
			};
			name = Release;
		};
		1CCDBAAE22757F5E00CE3C11 /* Debug */ = {
			isa = XCBuildConfiguration;
			baseConfigurationReference = 2F6A19598291F5975C4D0756 /* Pods-DigitalTourUITests.debug.xcconfig */;
			buildSettings = {
				ALWAYS_EMBED_SWIFT_STANDARD_LIBRARIES = YES;
				CODE_SIGN_STYLE = Automatic;
				DEVELOPMENT_TEAM = 7QCH3HRYRD;
				INFOPLIST_FILE = DigitalTourUITests/Info.plist;
				LD_RUNPATH_SEARCH_PATHS = (
					"$(inherited)",
					"@executable_path/Frameworks",
					"@loader_path/Frameworks",
				);
				PRODUCT_BUNDLE_IDENTIFIER = "ymogos-mail.sfsu.edu.DigitalTourUITests";
				PRODUCT_NAME = "$(TARGET_NAME)";
				SWIFT_VERSION = 4.2;
				TARGETED_DEVICE_FAMILY = "1,2";
				TEST_TARGET_NAME = DigitalTour;
			};
			name = Debug;
		};
		1CCDBAAF22757F5E00CE3C11 /* Release */ = {
			isa = XCBuildConfiguration;
			baseConfigurationReference = C2BD5EFDF2F0F2DB53122361 /* Pods-DigitalTourUITests.release.xcconfig */;
			buildSettings = {
				ALWAYS_EMBED_SWIFT_STANDARD_LIBRARIES = YES;
				CODE_SIGN_STYLE = Automatic;
				DEVELOPMENT_TEAM = 7QCH3HRYRD;
				INFOPLIST_FILE = DigitalTourUITests/Info.plist;
				LD_RUNPATH_SEARCH_PATHS = (
					"$(inherited)",
					"@executable_path/Frameworks",
					"@loader_path/Frameworks",
				);
				PRODUCT_BUNDLE_IDENTIFIER = "ymogos-mail.sfsu.edu.DigitalTourUITests";
				PRODUCT_NAME = "$(TARGET_NAME)";
				SWIFT_VERSION = 4.2;
				TARGETED_DEVICE_FAMILY = "1,2";
				TEST_TARGET_NAME = DigitalTour;
			};
			name = Release;
		};
/* End XCBuildConfiguration section */

/* Begin XCConfigurationList section */
		1CCDBA7A22757F5C00CE3C11 /* Build configuration list for PBXProject "DigitalTour" */ = {
			isa = XCConfigurationList;
			buildConfigurations = (
				1CCDBAA522757F5E00CE3C11 /* Debug */,
				1CCDBAA622757F5E00CE3C11 /* Release */,
			);
			defaultConfigurationIsVisible = 0;
			defaultConfigurationName = Release;
		};
		1CCDBAA722757F5E00CE3C11 /* Build configuration list for PBXNativeTarget "DigitalTour" */ = {
			isa = XCConfigurationList;
			buildConfigurations = (
				1CCDBAA822757F5E00CE3C11 /* Debug */,
				1CCDBAA922757F5E00CE3C11 /* Release */,
			);
			defaultConfigurationIsVisible = 0;
			defaultConfigurationName = Release;
		};
		1CCDBAAA22757F5E00CE3C11 /* Build configuration list for PBXNativeTarget "DigitalTourTests" */ = {
			isa = XCConfigurationList;
			buildConfigurations = (
				1CCDBAAB22757F5E00CE3C11 /* Debug */,
				1CCDBAAC22757F5E00CE3C11 /* Release */,
			);
			defaultConfigurationIsVisible = 0;
			defaultConfigurationName = Release;
		};
		1CCDBAAD22757F5E00CE3C11 /* Build configuration list for PBXNativeTarget "DigitalTourUITests" */ = {
			isa = XCConfigurationList;
			buildConfigurations = (
				1CCDBAAE22757F5E00CE3C11 /* Debug */,
				1CCDBAAF22757F5E00CE3C11 /* Release */,
			);
			defaultConfigurationIsVisible = 0;
			defaultConfigurationName = Release;
		};
/* End XCConfigurationList section */
	};
	rootObject = 1CCDBA7722757F5C00CE3C11 /* Project object */;
}
